
Microsoft Visual Studio Solution File, Format Version 12.00
# Visual Studio Version 16
VisualStudioVersion = 16.0.29326.143
MinimumVisualStudioVersion = 10.0.40219.1
Project("{FAE04EC0-301F-11D3-BF4B-00C04F79EFBC}") = "Demo", "Demo\Demo.csproj", "{3BE5139F-CE7F-4A67-9D6D-643121C45B37}"
EndProject
Project("{FAE04EC0-301F-11D3-BF4B-00C04F79EFBC}") = "Demo.Dal", "Demo.Dal\Demo.Dal.csproj", "{77FEE03B-8345-42F7-9E89-59BF6B4E35D2}"
EndProject
Global
	GlobalSection(SolutionConfigurationPlatforms) = preSolution
		Debug|Any CPU = Debug|Any CPU
		Release|Any CPU = Release|Any CPU
	EndGlobalSection
	GlobalSection(ProjectConfigurationPlatforms) = postSolution
		{3BE5139F-CE7F-4A67-9D6D-643121C45B37}.Debug|Any CPU.ActiveCfg = Debug|Any CPU
		{3BE5139F-CE7F-4A67-9D6D-643121C45B37}.Debug|Any CPU.Build.0 = Debug|Any CPU
		{3BE5139F-CE7F-4A67-9D6D-643121C45B37}.Release|Any CPU.ActiveCfg = Release|Any CPU
		{3BE5139F-CE7F-4A67-9D6D-643121C45B37}.Release|Any CPU.Build.0 = Release|Any CPU
		{77FEE03B-8345-42F7-9E89-59BF6B4E35D2}.Debug|Any CPU.ActiveCfg = Debug|Any CPU
		{77FEE03B-8345-42F7-9E89-59BF6B4E35D2}.Debug|Any CPU.Build.0 = Debug|Any CPU
		{77FEE03B-8345-42F7-9E89-59BF6B4E35D2}.Release|Any CPU.ActiveCfg = Release|Any CPU
		{77FEE03B-8345-42F7-9E89-59BF6B4E35D2}.Release|Any CPU.Build.0 = Release|Any CPU
	EndGlobalSection
	GlobalSection(SolutionProperties) = preSolution
		HideSolutionNode = FALSE
	EndGlobalSection
	GlobalSection(ExtensibilityGlobals) = postSolution
		SolutionGuid = {8DA3E36A-57A4-41B7-8AD3-1D542488D778}
	EndGlobalSection
EndGlobal
